PODS:
  - PlainPocketFFT (0.0.9)
  - PocketFFT (0.0.1)
  - RosaKit (0.0.11):
    - PlainPocketFFT (~> 0.0.9)
    - PocketFFT (~> 0.0.1)

DEPENDENCIES:
  - RosaKit (from `../../`)

SPEC REPOS:
  https://github.com/CocoaPods/Specs.git:
    - PlainPocketFFT
    - PocketFFT

EXTERNAL SOURCES:
  RosaKit:
    :path: "../../"

SPEC CHECKSUMS:
  PlainPocketFFT: 3763f37fba0737e457ed1a3b9b7bfa70c00ff213
  PocketFFT: cdbe7ef5b7cd08520655d85d03d701b5ba35fdec
  RosaKit: 6e28b09f5eb990148a401e0c4b4ff0c207bd6569

PODFILE CHECKSUM: 5f97bdef1d520fb1d16b8fa1a21a4cb05c7a2aa9

COCOAPODS: 1.12.1
